// !$*UTF8*$!
{
	archiveVersion = 1;
	classes = {
	};
	objectVersion = 46;
	objects = {

/* Begin PBXBuildFile section */
		322AF8EF1D98EFC900E7034F /* Micropost.swift in Sources */ = {isa = PBXBuildFile; fileRef = 322AF8EE1D98EFC900E7034F /* Micropost.swift */; };
		322AF8F11D98FA1800E7034F /* APIClient.swift in Sources */ = {isa = PBXBuildFile; fileRef = 322AF8F01D98FA1800E7034F /* APIClient.swift */; };
		322AF8F31D99018C00E7034F /* MicropostViewController.swift in Sources */ = {isa = PBXBuildFile; fileRef = 322AF8F21D99018C00E7034F /* MicropostViewController.swift */; };
		322AF8F51D9B65A600E7034F /* micropostTests.swift in Sources */ = {isa = PBXBuildFile; fileRef = 322AF8F41D9B65A600E7034F /* micropostTests.swift */; };
		32CDE1021D9513EA00A57C02 /* Alamofire.framework in Frameworks */ = {isa = PBXBuildFile; fileRef = 32CDE0FF1D9513EA00A57C02 /* Alamofire.framework */; };
		32CDE1031D9513EA00A57C02 /* AlamofireImage.framework in Frameworks */ = {isa = PBXBuildFile; fileRef = 32CDE1001D9513EA00A57C02 /* AlamofireImage.framework */; };
		32CDE1041D9513EA00A57C02 /* SwiftyJSON.framework in Frameworks */ = {isa = PBXBuildFile; fileRef = 32CDE1011D9513EA00A57C02 /* SwiftyJSON.framework */; };
		32D0D7E11D9B94E800FF7F33 /* Nimble.framework in Frameworks */ = {isa = PBXBuildFile; fileRef = 322AF8F81D9B90F100E7034F /* Nimble.framework */; };
		32D0D7E51D9BA7AE00FF7F33 /* OHHTTPStubs.framework in Frameworks */ = {isa = PBXBuildFile; fileRef = 32D0D7E41D9BA7AE00FF7F33 /* OHHTTPStubs.framework */; };
		32D0D7E81D9CBFEB00FF7F33 /* WebView.storyboard in Resources */ = {isa = PBXBuildFile; fileRef = 32D0D7E71D9CBFEB00FF7F33 /* WebView.storyboard */; };
		32D0D7EA1D9CC37D00FF7F33 /* webviewUITests.swift in Sources */ = {isa = PBXBuildFile; fileRef = 32D0D7E91D9CC37D00FF7F33 /* webviewUITests.swift */; };
		32D0D7EC1D9CDA6500FF7F33 /* WebViewController.swift in Sources */ = {isa = PBXBuildFile; fileRef = 32D0D7EB1D9CDA6500FF7F33 /* WebViewController.swift */; };
		332B1A271D815670007064CF /* AppDelegate.swift in Sources */ = {isa = PBXBuildFile; fileRef = 332B1A261D815670007064CF /* AppDelegate.swift */; };
		332B1A2E1D815670007064CF /* Assets.xcassets in Resources */ = {isa = PBXBuildFile; fileRef = 332B1A2D1D815670007064CF /* Assets.xcassets */; };
		332B1A3C1D815670007064CF /* calendarTests.swift in Sources */ = {isa = PBXBuildFile; fileRef = 332B1A3B1D815670007064CF /* calendarTests.swift */; };
		332B1A471D815670007064CF /* sunsetUITests.swift in Sources */ = {isa = PBXBuildFile; fileRef = 332B1A461D815670007064CF /* sunsetUITests.swift */; };
		332B1A5D1D8157A1007064CF /* LaunchScreen.storyboard in Resources */ = {isa = PBXBuildFile; fileRef = 332B1A5B1D8157A1007064CF /* LaunchScreen.storyboard */; };
		332B1A5E1D8157A1007064CF /* Main.storyboard in Resources */ = {isa = PBXBuildFile; fileRef = 332B1A5C1D8157A1007064CF /* Main.storyboard */; };
		332B1A601D8157B5007064CF /* ViewController.swift in Sources */ = {isa = PBXBuildFile; fileRef = 332B1A5F1D8157B5007064CF /* ViewController.swift */; };
		3367C3601D98EFAA007A13AF /* CalendarCell.swift in Sources */ = {isa = PBXBuildFile; fileRef = 3367C35F1D98EFAA007A13AF /* CalendarCell.swift */; };
		3367C3621D98EFE5007A13AF /* CalendarViewController.swift in Sources */ = {isa = PBXBuildFile; fileRef = 3367C3611D98EFE5007A13AF /* CalendarViewController.swift */; };
		339A71D71D9E067900B5F15D /* Post.xcdatamodeld in Sources */ = {isa = PBXBuildFile; fileRef = 339A71D51D9E067900B5F15D /* Post.xcdatamodeld */; };
		339A71DA1D9E077600B5F15D /* Post+CoreDataClass.swift in Sources */ = {isa = PBXBuildFile; fileRef = 339A71D81D9E077600B5F15D /* Post+CoreDataClass.swift */; };
		339A71DB1D9E077600B5F15D /* Post+CoreDataProperties.swift in Sources */ = {isa = PBXBuildFile; fileRef = 339A71D91D9E077600B5F15D /* Post+CoreDataProperties.swift */; };
		33F3CD291D99103C00B8D7A5 /* DateManager.swift in Sources */ = {isa = PBXBuildFile; fileRef = 33F3CD281D99103C00B8D7A5 /* DateManager.swift */; };
/* End PBXBuildFile section */

/* Begin PBXContainerItemProxy section */
		332B1A381D815670007064CF /* PBXContainerItemProxy */ = {
			isa = PBXContainerItemProxy;
			containerPortal = 332B1A1B1D815670007064CF /* Project object */;
			proxyType = 1;
			remoteGlobalIDString = 332B1A221D815670007064CF;
			remoteInfo = sunset;
		};
		332B1A431D815670007064CF /* PBXContainerItemProxy */ = {
			isa = PBXContainerItemProxy;
			containerPortal = 332B1A1B1D815670007064CF /* Project object */;
			proxyType = 1;
			remoteGlobalIDString = 332B1A221D815670007064CF;
			remoteInfo = sunset;
		};
/* End PBXContainerItemProxy section */

/* Begin PBXFileReference section */
		322AF8EE1D98EFC900E7034F /* Micropost.swift */ = {isa = PBXFileReference; fileEncoding = 4; lastKnownFileType = sourcecode.swift; path = Micropost.swift; sourceTree = "<group>"; };
		322AF8F01D98FA1800E7034F /* APIClient.swift */ = {isa = PBXFileReference; fileEncoding = 4; lastKnownFileType = sourcecode.swift; path = APIClient.swift; sourceTree = "<group>"; };
		322AF8F21D99018C00E7034F /* MicropostViewController.swift */ = {isa = PBXFileReference; fileEncoding = 4; lastKnownFileType = sourcecode.swift; path = MicropostViewController.swift; sourceTree = "<group>"; };
		322AF8F41D9B65A600E7034F /* micropostTests.swift */ = {isa = PBXFileReference; fileEncoding = 4; lastKnownFileType = sourcecode.swift; path = micropostTests.swift; sourceTree = "<group>"; };
		322AF8F81D9B90F100E7034F /* Nimble.framework */ = {isa = PBXFileReference; lastKnownFileType = wrapper.framework; name = Nimble.framework; path = Carthage/Build/iOS/Nimble.framework; sourceTree = "<group>"; };
		32CDE0FF1D9513EA00A57C02 /* Alamofire.framework */ = {isa = PBXFileReference; lastKnownFileType = wrapper.framework; name = Alamofire.framework; path = Carthage/Build/iOS/Alamofire.framework; sourceTree = "<group>"; };
		32CDE1001D9513EA00A57C02 /* AlamofireImage.framework */ = {isa = PBXFileReference; lastKnownFileType = wrapper.framework; name = AlamofireImage.framework; path = Carthage/Build/iOS/AlamofireImage.framework; sourceTree = "<group>"; };
		32CDE1011D9513EA00A57C02 /* SwiftyJSON.framework */ = {isa = PBXFileReference; lastKnownFileType = wrapper.framework; name = SwiftyJSON.framework; path = Carthage/Build/iOS/SwiftyJSON.framework; sourceTree = "<group>"; };
		32D0D7E41D9BA7AE00FF7F33 /* OHHTTPStubs.framework */ = {isa = PBXFileReference; lastKnownFileType = wrapper.framework; name = OHHTTPStubs.framework; path = Carthage/Build/iOS/OHHTTPStubs.framework; sourceTree = "<group>"; };
		32D0D7E71D9CBFEB00FF7F33 /* WebView.storyboard */ = {isa = PBXFileReference; fileEncoding = 4; lastKnownFileType = file.storyboard; path = WebView.storyboard; sourceTree = "<group>"; };
		32D0D7E91D9CC37D00FF7F33 /* webviewUITests.swift */ = {isa = PBXFileReference; fileEncoding = 4; lastKnownFileType = sourcecode.swift; path = webviewUITests.swift; sourceTree = "<group>"; };
		32D0D7EB1D9CDA6500FF7F33 /* WebViewController.swift */ = {isa = PBXFileReference; fileEncoding = 4; lastKnownFileType = sourcecode.swift; path = WebViewController.swift; sourceTree = "<group>"; };
		332B1A231D815670007064CF /* sunset.app */ = {isa = PBXFileReference; explicitFileType = wrapper.application; includeInIndex = 0; path = sunset.app; sourceTree = BUILT_PRODUCTS_DIR; };
		332B1A261D815670007064CF /* AppDelegate.swift */ = {isa = PBXFileReference; lastKnownFileType = sourcecode.swift; path = AppDelegate.swift; sourceTree = "<group>"; };
		332B1A2D1D815670007064CF /* Assets.xcassets */ = {isa = PBXFileReference; lastKnownFileType = folder.assetcatalog; path = Assets.xcassets; sourceTree = "<group>"; };
		332B1A321D815670007064CF /* Info.plist */ = {isa = PBXFileReference; lastKnownFileType = text.plist.xml; path = Info.plist; sourceTree = "<group>"; };
		332B1A371D815670007064CF /* sunsetTests.xctest */ = {isa = PBXFileReference; explicitFileType = wrapper.cfbundle; includeInIndex = 0; path = sunsetTests.xctest; sourceTree = BUILT_PRODUCTS_DIR; };
		332B1A3B1D815670007064CF /* calendarTests.swift */ = {isa = PBXFileReference; lastKnownFileType = sourcecode.swift; path = calendarTests.swift; sourceTree = "<group>"; };
		332B1A3D1D815670007064CF /* Info.plist */ = {isa = PBXFileReference; lastKnownFileType = text.plist.xml; path = Info.plist; sourceTree = "<group>"; };
		332B1A421D815670007064CF /* sunsetUITests.xctest */ = {isa = PBXFileReference; explicitFileType = wrapper.cfbundle; includeInIndex = 0; path = sunsetUITests.xctest; sourceTree = BUILT_PRODUCTS_DIR; };
		332B1A461D815670007064CF /* sunsetUITests.swift */ = {isa = PBXFileReference; lastKnownFileType = sourcecode.swift; path = sunsetUITests.swift; sourceTree = "<group>"; };
		332B1A481D815670007064CF /* Info.plist */ = {isa = PBXFileReference; lastKnownFileType = text.plist.xml; path = Info.plist; sourceTree = "<group>"; };
		332B1A5B1D8157A1007064CF /* LaunchScreen.storyboard */ = {isa = PBXFileReference; fileEncoding = 4; lastKnownFileType = file.storyboard; path = LaunchScreen.storyboard; sourceTree = "<group>"; };
		332B1A5C1D8157A1007064CF /* Main.storyboard */ = {isa = PBXFileReference; fileEncoding = 4; lastKnownFileType = file.storyboard; path = Main.storyboard; sourceTree = "<group>"; };
		332B1A5F1D8157B5007064CF /* ViewController.swift */ = {isa = PBXFileReference; fileEncoding = 4; lastKnownFileType = sourcecode.swift; path = ViewController.swift; sourceTree = "<group>"; };
		3367C35F1D98EFAA007A13AF /* CalendarCell.swift */ = {isa = PBXFileReference; fileEncoding = 4; lastKnownFileType = sourcecode.swift; path = CalendarCell.swift; sourceTree = "<group>"; };
		3367C3611D98EFE5007A13AF /* CalendarViewController.swift */ = {isa = PBXFileReference; fileEncoding = 4; lastKnownFileType = sourcecode.swift; path = CalendarViewController.swift; sourceTree = "<group>"; };
		339A71D61D9E067900B5F15D /* Post.xcdatamodel */ = {isa = PBXFileReference; lastKnownFileType = wrapper.xcdatamodel; path = Post.xcdatamodel; sourceTree = "<group>"; };
		339A71D81D9E077600B5F15D /* Post+CoreDataClass.swift */ = {isa = PBXFileReference; fileEncoding = 4; lastKnownFileType = sourcecode.swift; path = "Post+CoreDataClass.swift"; sourceTree = "<group>"; };
		339A71D91D9E077600B5F15D /* Post+CoreDataProperties.swift */ = {isa = PBXFileReference; fileEncoding = 4; lastKnownFileType = sourcecode.swift; path = "Post+CoreDataProperties.swift"; sourceTree = "<group>"; };
		33B83B671DA22CF50035489B /* Post v2.xcdatamodel */ = {isa = PBXFileReference; lastKnownFileType = wrapper.xcdatamodel; path = "Post v2.xcdatamodel"; sourceTree = "<group>"; };
		33F3CD281D99103C00B8D7A5 /* DateManager.swift */ = {isa = PBXFileReference; fileEncoding = 4; lastKnownFileType = sourcecode.swift; path = DateManager.swift; sourceTree = "<group>"; };
/* End PBXFileReference section */

/* Begin PBXFrameworksBuildPhase section */
		332B1A201D815670007064CF /* Frameworks */ = {
			isa = PBXFrameworksBuildPhase;
			buildActionMask = 2147483647;
			files = (
				32CDE1021D9513EA00A57C02 /* Alamofire.framework in Frameworks */,
				32CDE1031D9513EA00A57C02 /* AlamofireImage.framework in Frameworks */,
				32CDE1041D9513EA00A57C02 /* SwiftyJSON.framework in Frameworks */,
			);
			runOnlyForDeploymentPostprocessing = 0;
		};
		332B1A341D815670007064CF /* Frameworks */ = {
			isa = PBXFrameworksBuildPhase;
			buildActionMask = 2147483647;
			files = (
				32D0D7E51D9BA7AE00FF7F33 /* OHHTTPStubs.framework in Frameworks */,
				32D0D7E11D9B94E800FF7F33 /* Nimble.framework in Frameworks */,
			);
			runOnlyForDeploymentPostprocessing = 0;
		};
		332B1A3F1D815670007064CF /* Frameworks */ = {
			isa = PBXFrameworksBuildPhase;
			buildActionMask = 2147483647;
			files = (
			);
			runOnlyForDeploymentPostprocessing = 0;
		};
/* End PBXFrameworksBuildPhase section */

/* Begin PBXGroup section */
		32CDE0FE1D9513EA00A57C02 /* Frameworks */ = {
			isa = PBXGroup;
			children = (
				32D0D7E41D9BA7AE00FF7F33 /* OHHTTPStubs.framework */,
				322AF8F81D9B90F100E7034F /* Nimble.framework */,
				32CDE0FF1D9513EA00A57C02 /* Alamofire.framework */,
				32CDE1001D9513EA00A57C02 /* AlamofireImage.framework */,
				32CDE1011D9513EA00A57C02 /* SwiftyJSON.framework */,
			);
			name = Frameworks;
			sourceTree = "<group>";
		};
		332B1A1A1D815670007064CF = {
			isa = PBXGroup;
			children = (
				339A71D81D9E077600B5F15D /* Post+CoreDataClass.swift */,
				339A71D91D9E077600B5F15D /* Post+CoreDataProperties.swift */,
				339A71D51D9E067900B5F15D /* Post.xcdatamodeld */,
				332B1A251D815670007064CF /* sunset */,
				332B1A3A1D815670007064CF /* sunsetTests */,
				332B1A451D815670007064CF /* sunsetUITests */,
				332B1A241D815670007064CF /* Products */,
				32CDE0FE1D9513EA00A57C02 /* Frameworks */,
			);
			sourceTree = "<group>";
		};
		332B1A241D815670007064CF /* Products */ = {
			isa = PBXGroup;
			children = (
				332B1A231D815670007064CF /* sunset.app */,
				332B1A371D815670007064CF /* sunsetTests.xctest */,
				332B1A421D815670007064CF /* sunsetUITests.xctest */,
			);
			name = Products;
			sourceTree = "<group>";
		};
		332B1A251D815670007064CF /* sunset */ = {
			isa = PBXGroup;
			children = (
				332B1A541D815749007064CF /* Classes */,
				332B1A5A1D815749007064CF /* Storyboards */,
				332B1A261D815670007064CF /* AppDelegate.swift */,
				332B1A2D1D815670007064CF /* Assets.xcassets */,
				332B1A321D815670007064CF /* Info.plist */,
			);
			path = sunset;
			sourceTree = "<group>";
		};
		332B1A3A1D815670007064CF /* sunsetTests */ = {
			isa = PBXGroup;
			children = (
				332B1A3B1D815670007064CF /* calendarTests.swift */,
				332B1A3D1D815670007064CF /* Info.plist */,
				322AF8F41D9B65A600E7034F /* micropostTests.swift */,
			);
			path = sunsetTests;
			sourceTree = "<group>";
		};
		332B1A451D815670007064CF /* sunsetUITests */ = {
			isa = PBXGroup;
			children = (
				332B1A461D815670007064CF /* sunsetUITests.swift */,
				332B1A481D815670007064CF /* Info.plist */,
				32D0D7E91D9CC37D00FF7F33 /* webviewUITests.swift */,
			);
			path = sunsetUITests;
			sourceTree = "<group>";
		};
		332B1A541D815749007064CF /* Classes */ = {
			isa = PBXGroup;
			children = (
				332B1A551D815749007064CF /* Controllers */,
				332B1A561D815749007064CF /* Helpers */,
				332B1A571D815749007064CF /* Models */,
				332B1A581D815749007064CF /* Stores */,
				332B1A591D815749007064CF /* Views */,
			);
			path = Classes;
			sourceTree = "<group>";
		};
		332B1A551D815749007064CF /* Controllers */ = {
			isa = PBXGroup;
			children = (
				332B1A5F1D8157B5007064CF /* ViewController.swift */,
				322AF8F21D99018C00E7034F /* MicropostViewController.swift */,
				3367C3611D98EFE5007A13AF /* CalendarViewController.swift */,
				32D0D7EB1D9CDA6500FF7F33 /* WebViewController.swift */,
			);
			path = Controllers;
			sourceTree = "<group>";
		};
		332B1A561D815749007064CF /* Helpers */ = {
			isa = PBXGroup;
			children = (
				322AF8F01D98FA1800E7034F /* APIClient.swift */,
				3367C35F1D98EFAA007A13AF /* CalendarCell.swift */,
			);
			path = Helpers;
			sourceTree = "<group>";
		};
		332B1A571D815749007064CF /* Models */ = {
			isa = PBXGroup;
			children = (
				322AF8EE1D98EFC900E7034F /* Micropost.swift */,
				33F3CD281D99103C00B8D7A5 /* DateManager.swift */,
			);
			path = Models;
			sourceTree = "<group>";
		};
		332B1A581D815749007064CF /* Stores */ = {
			isa = PBXGroup;
			children = (
			);
			path = Stores;
			sourceTree = "<group>";
		};
		332B1A591D815749007064CF /* Views */ = {
			isa = PBXGroup;
			children = (
			);
			path = Views;
			sourceTree = "<group>";
		};
		332B1A5A1D815749007064CF /* Storyboards */ = {
			isa = PBXGroup;
			children = (
				332B1A5B1D8157A1007064CF /* LaunchScreen.storyboard */,
				332B1A5C1D8157A1007064CF /* Main.storyboard */,
				32D0D7E71D9CBFEB00FF7F33 /* WebView.storyboard */,
			);
			path = Storyboards;
			sourceTree = "<group>";
		};
/* End PBXGroup section */

/* Begin PBXNativeTarget section */
		332B1A221D815670007064CF /* sunset */ = {
			isa = PBXNativeTarget;
			buildConfigurationList = 332B1A4B1D815670007064CF /* Build configuration list for PBXNativeTarget "sunset" */;
			buildPhases = (
				332B1A1F1D815670007064CF /* Sources */,
				332B1A201D815670007064CF /* Frameworks */,
				332B1A211D815670007064CF /* Resources */,
				32CDE1051D9513FA00A57C02 /* ShellScript */,
			);
			buildRules = (
			);
			dependencies = (
			);
			name = sunset;
			productName = sunset;
			productReference = 332B1A231D815670007064CF /* sunset.app */;
			productType = "com.apple.product-type.application";
		};
		332B1A361D815670007064CF /* sunsetTests */ = {
			isa = PBXNativeTarget;
			buildConfigurationList = 332B1A4E1D815670007064CF /* Build configuration list for PBXNativeTarget "sunsetTests" */;
			buildPhases = (
				332B1A331D815670007064CF /* Sources */,
				332B1A341D815670007064CF /* Frameworks */,
				332B1A351D815670007064CF /* Resources */,
			);
			buildRules = (
			);
			dependencies = (
				332B1A391D815670007064CF /* PBXTargetDependency */,
			);
			name = sunsetTests;
			productName = sunsetTests;
			productReference = 332B1A371D815670007064CF /* sunsetTests.xctest */;
			productType = "com.apple.product-type.bundle.unit-test";
		};
		332B1A411D815670007064CF /* sunsetUITests */ = {
			isa = PBXNativeTarget;
			buildConfigurationList = 332B1A511D815670007064CF /* Build configuration list for PBXNativeTarget "sunsetUITests" */;
			buildPhases = (
				332B1A3E1D815670007064CF /* Sources */,
				332B1A3F1D815670007064CF /* Frameworks */,
				332B1A401D815670007064CF /* Resources */,
			);
			buildRules = (
			);
			dependencies = (
				332B1A441D815670007064CF /* PBXTargetDependency */,
			);
			name = sunsetUITests;
			productName = sunsetUITests;
			productReference = 332B1A421D815670007064CF /* sunsetUITests.xctest */;
			productType = "com.apple.product-type.bundle.ui-testing";
		};
/* End PBXNativeTarget section */

/* Begin PBXProject section */
		332B1A1B1D815670007064CF /* Project object */ = {
			isa = PBXProject;
			attributes = {
				LastSwiftUpdateCheck = 0730;
				LastUpgradeCheck = 0730;
				ORGANIZATIONNAME = "GMO Pepabo";
				TargetAttributes = {
					332B1A221D815670007064CF = {
						CreatedOnToolsVersion = 7.3.1;
						DevelopmentTeam = J43C2ZSKA6;
						LastSwiftMigration = 0800;
					};
					332B1A361D815670007064CF = {
						CreatedOnToolsVersion = 7.3.1;
						DevelopmentTeam = J43C2ZSKA6;
						LastSwiftMigration = 0800;
						TestTargetID = 332B1A221D815670007064CF;
					};
					332B1A411D815670007064CF = {
						CreatedOnToolsVersion = 7.3.1;
						DevelopmentTeam = J43C2ZSKA6;
						LastSwiftMigration = 0800;
						TestTargetID = 332B1A221D815670007064CF;
					};
				};
			};
			buildConfigurationList = 332B1A1E1D815670007064CF /* Build configuration list for PBXProject "sunset" */;
			compatibilityVersion = "Xcode 3.2";
			developmentRegion = English;
			hasScannedForEncodings = 0;
			knownRegions = (
				en,
				Base,
			);
			mainGroup = 332B1A1A1D815670007064CF;
			productRefGroup = 332B1A241D815670007064CF /* Products */;
			projectDirPath = "";
			projectRoot = "";
			targets = (
				332B1A221D815670007064CF /* sunset */,
				332B1A361D815670007064CF /* sunsetTests */,
				332B1A411D815670007064CF /* sunsetUITests */,
			);
		};
/* End PBXProject section */

/* Begin PBXResourcesBuildPhase section */
		332B1A211D815670007064CF /* Resources */ = {
			isa = PBXResourcesBuildPhase;
			buildActionMask = 2147483647;
			files = (
				332B1A5E1D8157A1007064CF /* Main.storyboard in Resources */,
				332B1A2E1D815670007064CF /* Assets.xcassets in Resources */,
				32D0D7E81D9CBFEB00FF7F33 /* WebView.storyboard in Resources */,
				332B1A5D1D8157A1007064CF /* LaunchScreen.storyboard in Resources */,
			);
			runOnlyForDeploymentPostprocessing = 0;
		};
		332B1A351D815670007064CF /* Resources */ = {
			isa = PBXResourcesBuildPhase;
			buildActionMask = 2147483647;
			files = (
			);
			runOnlyForDeploymentPostprocessing = 0;
		};
		332B1A401D815670007064CF /* Resources */ = {
			isa = PBXResourcesBuildPhase;
			buildActionMask = 2147483647;
			files = (
			);
			runOnlyForDeploymentPostprocessing = 0;
		};
/* End PBXResourcesBuildPhase section */

/* Begin PBXShellScriptBuildPhase section */
		32CDE1051D9513FA00A57C02 /* ShellScript */ = {
			isa = PBXShellScriptBuildPhase;
			buildActionMask = 2147483647;
			files = (
			);
			inputPaths = (
				"$(SRCROOT)/Carthage/Build/iOS/Alamofire.framework",
				"$(SRCROOT)/Carthage/Build/iOS/AlamofireImage.framework",
				"$(SRCROOT)/Carthage/Build/iOS/SwiftyJSON.framework",
				"$(SRCROOT)/Carthage/Build/iOS/Nimble.framework",
				"$(SRCROOT)/Carthage/Build/iOS/OHHTTPStubs.framework",
			);
			outputPaths = (
			);
			runOnlyForDeploymentPostprocessing = 0;
			shellPath = /bin/sh;
			shellScript = "/usr/local/bin/carthage copy-frameworks";
		};
/* End PBXShellScriptBuildPhase section */

/* Begin PBXSourcesBuildPhase section */
		332B1A1F1D815670007064CF /* Sources */ = {
			isa = PBXSourcesBuildPhase;
			buildActionMask = 2147483647;
			files = (
				322AF8EF1D98EFC900E7034F /* Micropost.swift in Sources */,
				32D0D7EC1D9CDA6500FF7F33 /* WebViewController.swift in Sources */,
				3367C3621D98EFE5007A13AF /* CalendarViewController.swift in Sources */,
				339A71D71D9E067900B5F15D /* Post.xcdatamodeld in Sources */,
				339A71DA1D9E077600B5F15D /* Post+CoreDataClass.swift in Sources */,
				339A71DB1D9E077600B5F15D /* Post+CoreDataProperties.swift in Sources */,
				33F3CD291D99103C00B8D7A5 /* DateManager.swift in Sources */,
				322AF8F11D98FA1800E7034F /* APIClient.swift in Sources */,
				322AF8F31D99018C00E7034F /* MicropostViewController.swift in Sources */,
				332B1A601D8157B5007064CF /* ViewController.swift in Sources */,
				332B1A271D815670007064CF /* AppDelegate.swift in Sources */,
				3367C3601D98EFAA007A13AF /* CalendarCell.swift in Sources */,
			);
			runOnlyForDeploymentPostprocessing = 0;
		};
		332B1A331D815670007064CF /* Sources */ = {
			isa = PBXSourcesBuildPhase;
			buildActionMask = 2147483647;
			files = (
				322AF8F51D9B65A600E7034F /* micropostTests.swift in Sources */,
				332B1A3C1D815670007064CF /* calendarTests.swift in Sources */,
			);
			runOnlyForDeploymentPostprocessing = 0;
		};
		332B1A3E1D815670007064CF /* Sources */ = {
			isa = PBXSourcesBuildPhase;
			buildActionMask = 2147483647;
			files = (
				332B1A471D815670007064CF /* sunsetUITests.swift in Sources */,
				32D0D7EA1D9CC37D00FF7F33 /* webviewUITests.swift in Sources */,
			);
			runOnlyForDeploymentPostprocessing = 0;
		};
/* End PBXSourcesBuildPhase section */

/* Begin PBXTargetDependency section */
		332B1A391D815670007064CF /* PBXTargetDependency */ = {
			isa = PBXTargetDependency;
			target = 332B1A221D815670007064CF /* sunset */;
			targetProxy = 332B1A381D815670007064CF /* PBXContainerItemProxy */;
		};
		332B1A441D815670007064CF /* PBXTargetDependency */ = {
			isa = PBXTargetDependency;
			target = 332B1A221D815670007064CF /* sunset */;
			targetProxy = 332B1A431D815670007064CF /* PBXContainerItemProxy */;
		};
/* End PBXTargetDependency section */

/* Begin XCBuildConfiguration section */
		332B1A491D815670007064CF /* Debug */ = {
			isa = XCBuildConfiguration;
			buildSettings = {
				ALWAYS_SEARCH_USER_PATHS = NO;
				CLANG_ANALYZER_NONNULL = YES;
				CLANG_CXX_LANGUAGE_STANDARD = "gnu++0x";
				CLANG_CXX_LIBRARY = "libc++";
				CLANG_ENABLE_MODULES = YES;
				CLANG_ENABLE_OBJC_ARC = YES;
				CLANG_WARN_BOOL_CONVERSION = YES;
				CLANG_WARN_CONSTANT_CONVERSION = YES;
				CLANG_WARN_DIRECT_OBJC_ISA_USAGE = YES_ERROR;
				CLANG_WARN_EMPTY_BODY = YES;
				CLANG_WARN_ENUM_CONVERSION = YES;
				CLANG_WARN_INT_CONVERSION = YES;
				CLANG_WARN_OBJC_ROOT_CLASS = YES_ERROR;
				CLANG_WARN_UNREACHABLE_CODE = YES;
				CLANG_WARN__DUPLICATE_METHOD_MATCH = YES;
				CODE_SIGN_IDENTITY = "";
				"CODE_SIGN_IDENTITY[sdk=iphoneos*]" = "iPhone Developer";
				COPY_PHASE_STRIP = NO;
				DEBUG_INFORMATION_FORMAT = dwarf;
				DEVELOPMENT_TEAM = J43C2ZSKA6;
				ENABLE_STRICT_OBJC_MSGSEND = YES;
				ENABLE_TESTABILITY = YES;
				GCC_C_LANGUAGE_STANDARD = gnu99;
				GCC_DYNAMIC_NO_PIC = NO;
				GCC_NO_COMMON_BLOCKS = YES;
				GCC_OPTIMIZATION_LEVEL = 0;
				GCC_PREPROCESSOR_DEFINITIONS = (
					"DEBUG=1",
					"$(inherited)",
				);
				GCC_WARN_64_TO_32_BIT_CONVERSION = YES;
				GCC_WARN_ABOUT_RETURN_TYPE = YES_ERROR;
				GCC_WARN_UNDECLARED_SELECTOR = YES;
				GCC_WARN_UNINITIALIZED_AUTOS = YES_AGGRESSIVE;
				GCC_WARN_UNUSED_FUNCTION = YES;
				GCC_WARN_UNUSED_VARIABLE = YES;
				IPHONEOS_DEPLOYMENT_TARGET = 10.0;
				MTL_ENABLE_DEBUG_INFO = YES;
				ONLY_ACTIVE_ARCH = YES;
				SDKROOT = iphoneos;
				SWIFT_OPTIMIZATION_LEVEL = "-Onone";
			};
			name = Debug;
		};
		332B1A4A1D815670007064CF /* Release */ = {
			isa = XCBuildConfiguration;
			buildSettings = {
				ALWAYS_SEARCH_USER_PATHS = NO;
				CLANG_ANALYZER_NONNULL = YES;
				CLANG_CXX_LANGUAGE_STANDARD = "gnu++0x";
				CLANG_CXX_LIBRARY = "libc++";
				CLANG_ENABLE_MODULES = YES;
				CLANG_ENABLE_OBJC_ARC = YES;
				CLANG_WARN_BOOL_CONVERSION = YES;
				CLANG_WARN_CONSTANT_CONVERSION = YES;
				CLANG_WARN_DIRECT_OBJC_ISA_USAGE = YES_ERROR;
				CLANG_WARN_EMPTY_BODY = YES;
				CLANG_WARN_ENUM_CONVERSION = YES;
				CLANG_WARN_INT_CONVERSION = YES;
				CLANG_WARN_OBJC_ROOT_CLASS = YES_ERROR;
				CLANG_WARN_UNREACHABLE_CODE = YES;
				CLANG_WARN__DUPLICATE_METHOD_MATCH = YES;
				CODE_SIGN_IDENTITY = "";
				"CODE_SIGN_IDENTITY[sdk=iphoneos*]" = "iPhone Developer";
				COPY_PHASE_STRIP = NO;
				DEBUG_INFORMATION_FORMAT = "dwarf-with-dsym";
				DEVELOPMENT_TEAM = J43C2ZSKA6;
				ENABLE_NS_ASSERTIONS = NO;
				ENABLE_STRICT_OBJC_MSGSEND = YES;
				GCC_C_LANGUAGE_STANDARD = gnu99;
				GCC_NO_COMMON_BLOCKS = YES;
				GCC_WARN_64_TO_32_BIT_CONVERSION = YES;
				GCC_WARN_ABOUT_RETURN_TYPE = YES_ERROR;
				GCC_WARN_UNDECLARED_SELECTOR = YES;
				GCC_WARN_UNINITIALIZED_AUTOS = YES_AGGRESSIVE;
				GCC_WARN_UNUSED_FUNCTION = YES;
				GCC_WARN_UNUSED_VARIABLE = YES;
				IPHONEOS_DEPLOYMENT_TARGET = 10.0;
				MTL_ENABLE_DEBUG_INFO = NO;
				SDKROOT = iphoneos;
				VALIDATE_PRODUCT = YES;
			};
			name = Release;
		};
		332B1A4C1D815670007064CF /* Debug */ = {
			isa = XCBuildConfiguration;
			buildSettings = {
				ASSETCATALOG_COMPILER_APPICON_NAME = AppIcon;
				CODE_SIGN_IDENTITY = "iPhone Developer: asuforcegt@yahoo.co.jp (5QPQG45SHU)";
				"CODE_SIGN_IDENTITY[sdk=iphoneos*]" = "iPhone Developer: asuforcegt@yahoo.co.jp (5QPQG45SHU)";
				DEVELOPMENT_TEAM = J43C2ZSKA6;
				FRAMEWORK_SEARCH_PATHS = (
					"$(inherited)",
					"$(PROJECT_DIR)/Carthage/Build/iOS",
				);
				INFOPLIST_FILE = sunset/Info.plist;
				LD_RUNPATH_SEARCH_PATHS = "$(inherited) @executable_path/Frameworks";
				PRODUCT_BUNDLE_IDENTIFIER = com.pepabo.sunset;
				PRODUCT_NAME = "$(TARGET_NAME)";
				SWIFT_VERSION = 3.0;
			};
			name = Debug;
		};
		332B1A4D1D815670007064CF /* Release */ = {
			isa = XCBuildConfiguration;
			buildSettings = {
				ASSETCATALOG_COMPILER_APPICON_NAME = AppIcon;
				CODE_SIGN_IDENTITY = "iPhone Developer: asuforcegt@yahoo.co.jp (5QPQG45SHU)";
				DEVELOPMENT_TEAM = J43C2ZSKA6;
				FRAMEWORK_SEARCH_PATHS = (
					"$(inherited)",
					"$(PROJECT_DIR)/Carthage/Build/iOS",
				);
				INFOPLIST_FILE = sunset/Info.plist;
				LD_RUNPATH_SEARCH_PATHS = "$(inherited) @executable_path/Frameworks";
				PRODUCT_BUNDLE_IDENTIFIER = com.pepabo.sunset;
				PRODUCT_NAME = "$(TARGET_NAME)";
				SWIFT_VERSION = 3.0;
			};
			name = Release;
		};
		332B1A4F1D815670007064CF /* Debug */ = {
			isa = XCBuildConfiguration;
			buildSettings = {
				BUNDLE_LOADER = "$(TEST_HOST)";
				FRAMEWORK_SEARCH_PATHS = (
					"$(inherited)",
					"$(PROJECT_DIR)/Carthage/Build/iOS",
				);
				INFOPLIST_FILE = sunsetTests/Info.plist;
				LD_RUNPATH_SEARCH_PATHS = "$(inherited) @executable_path/Frameworks @loader_path/Frameworks";
				PRODUCT_BUNDLE_IDENTIFIER = com.pepabo.sunsetTests;
				PRODUCT_NAME = "$(TARGET_NAME)";
				SWIFT_VERSION = 3.0;
				TEST_HOST = "$(BUILT_PRODUCTS_DIR)/sunset.app/sunset";
			};
			name = Debug;
		};
		332B1A501D815670007064CF /* Release */ = {
			isa = XCBuildConfiguration;
			buildSettings = {
				BUNDLE_LOADER = "$(TEST_HOST)";
				FRAMEWORK_SEARCH_PATHS = (
					"$(inherited)",
					"$(PROJECT_DIR)/Carthage/Build/iOS",
				);
				INFOPLIST_FILE = sunsetTests/Info.plist;
				LD_RUNPATH_SEARCH_PATHS = "$(inherited) @executable_path/Frameworks @loader_path/Frameworks";
				PRODUCT_BUNDLE_IDENTIFIER = com.pepabo.sunsetTests;
				PRODUCT_NAME = "$(TARGET_NAME)";
				SWIFT_VERSION = 3.0;
				TEST_HOST = "$(BUILT_PRODUCTS_DIR)/sunset.app/sunset";
			};
			name = Release;
		};
		332B1A521D815670007064CF /* Debug */ = {
			isa = XCBuildConfiguration;
			buildSettings = {
				FRAMEWORK_SEARCH_PATHS = (
					"$(inherited)",
					"$(PROJECT_DIR)/Carthage/Build/iOS",
				);
				INFOPLIST_FILE = sunsetUITests/Info.plist;
				LD_RUNPATH_SEARCH_PATHS = "$(inherited) @executable_path/Frameworks @loader_path/Frameworks";
				PRODUCT_BUNDLE_IDENTIFIER = com.pepabo.sunsetUITests;
				PRODUCT_NAME = "$(TARGET_NAME)";
				SWIFT_VERSION = 3.0;
				TEST_TARGET_NAME = sunset;
			};
			name = Debug;
		};
		332B1A531D815670007064CF /* Release */ = {
			isa = XCBuildConfiguration;
			buildSettings = {
				FRAMEWORK_SEARCH_PATHS = (
					"$(inherited)",
					"$(PROJECT_DIR)/Carthage/Build/iOS",
				);
				INFOPLIST_FILE = sunsetUITests/Info.plist;
				LD_RUNPATH_SEARCH_PATHS = "$(inherited) @executable_path/Frameworks @loader_path/Frameworks";
				PRODUCT_BUNDLE_IDENTIFIER = com.pepabo.sunsetUITests;
				PRODUCT_NAME = "$(TARGET_NAME)";
				SWIFT_VERSION = 3.0;
				TEST_TARGET_NAME = sunset;
			};
			name = Release;
		};
/* End XCBuildConfiguration section */

/* Begin XCConfigurationList section */
		332B1A1E1D815670007064CF /* Build configuration list for PBXProject "sunset" */ = {
			isa = XCConfigurationList;
			buildConfigurations = (
				332B1A491D815670007064CF /* Debug */,
				332B1A4A1D815670007064CF /* Release */,
			);
			defaultConfigurationIsVisible = 0;
			defaultConfigurationName = Release;
		};
		332B1A4B1D815670007064CF /* Build configuration list for PBXNativeTarget "sunset" */ = {
			isa = XCConfigurationList;
			buildConfigurations = (
				332B1A4C1D815670007064CF /* Debug */,
				332B1A4D1D815670007064CF /* Release */,
			);
			defaultConfigurationIsVisible = 0;
			defaultConfigurationName = Release;
		};
		332B1A4E1D815670007064CF /* Build configuration list for PBXNativeTarget "sunsetTests" */ = {
			isa = XCConfigurationList;
			buildConfigurations = (
				332B1A4F1D815670007064CF /* Debug */,
				332B1A501D815670007064CF /* Release */,
			);
			defaultConfigurationIsVisible = 0;
			defaultConfigurationName = Release;
		};
		332B1A511D815670007064CF /* Build configuration list for PBXNativeTarget "sunsetUITests" */ = {
			isa = XCConfigurationList;
			buildConfigurations = (
				332B1A521D815670007064CF /* Debug */,
				332B1A531D815670007064CF /* Release */,
			);
			defaultConfigurationIsVisible = 0;
			defaultConfigurationName = Release;
		};
/* End XCConfigurationList section */

/* Begin XCVersionGroup section */
		339A71D51D9E067900B5F15D /* Post.xcdatamodeld */ = {
			isa = XCVersionGroup;
			children = (
				33B83B671DA22CF50035489B /* Post v2.xcdatamodel */,
				339A71D61D9E067900B5F15D /* Post.xcdatamodel */,
			);
			currentVersion = 33B83B671DA22CF50035489B /* Post v2.xcdatamodel */;
			path = Post.xcdatamodeld;
			sourceTree = "<group>";
			versionGroupType = wrapper.xcdatamodel;
		};
/* End XCVersionGroup section */
	};
	rootObject = 332B1A1B1D815670007064CF /* Project object */;
}
